
Microsoft Visual Studio Solution File, Format Version 12.00
# Visual Studio 14
VisualStudioVersion = 14.0.25123.0
MinimumVisualStudioVersion = 10.0.40219.1
Project("{FAE04EC0-301F-11D3-BF4B-00C04F79EFBC}") = "ServiceLifeController", "ServiceLifeController\ServiceLifeController.csproj", "{8D484152-AE38-4327-BD1C-E64B9506F79B}"
EndProject
Project("{FAE04EC0-301F-11D3-BF4B-00C04F79EFBC}") = "ServiceProcess.Helpers", "ServiceProcess.Helpers\ServiceProcess.Helpers.csproj", "{59BC7605-809F-4420-B2B6-72C4B9F48907}"
EndProject
Project("{2150E333-8FDC-42A3-9474-1A3956D46DE8}") = "Solution Items", "Solution Items", "{23288852-49B1-4D7D-B582-25881073AA1C}"
	ProjectSection(SolutionItems) = preProject
		..\Solution Items\Auto Run Service.bat = ..\Solution Items\Auto Run Service.bat
		..\Solution Items\DeleteSLCService.bat = ..\Solution Items\DeleteSLCService.bat
		..\Solution Items\InstallSLCService.bat = ..\Solution Items\InstallSLCService.bat
		..\Solution Items\RunServiceOnWPF.bat = ..\Solution Items\RunServiceOnWPF.bat
		..\Solution Items\UninstallSLCService.bat = ..\Solution Items\UninstallSLCService.bat
	EndProjectSection
EndProject
Project("{FAE04EC0-301F-11D3-BF4B-00C04F79EFBC}") = "ServiceLifeControllerService", "ServiceLifeControlerService\ServiceLifeControllerService.csproj", "{10961EA4-B3B6-455C-8347-88990A4A8FEE}"
EndProject
Global
	GlobalSection(SolutionConfigurationPlatforms) = preSolution
		Debug|Any CPU = Debug|Any CPU
		Release|Any CPU = Release|Any CPU
	EndGlobalSection
	GlobalSection(ProjectConfigurationPlatforms) = postSolution
		{8D484152-AE38-4327-BD1C-E64B9506F79B}.Debug|Any CPU.ActiveCfg = Debug|Any CPU
		{8D484152-AE38-4327-BD1C-E64B9506F79B}.Debug|Any CPU.Build.0 = Debug|Any CPU
		{8D484152-AE38-4327-BD1C-E64B9506F79B}.Release|Any CPU.ActiveCfg = Release|Any CPU
		{8D484152-AE38-4327-BD1C-E64B9506F79B}.Release|Any CPU.Build.0 = Release|Any CPU
		{59BC7605-809F-4420-B2B6-72C4B9F48907}.Debug|Any CPU.ActiveCfg = Debug|Any CPU
		{59BC7605-809F-4420-B2B6-72C4B9F48907}.Debug|Any CPU.Build.0 = Debug|Any CPU
		{59BC7605-809F-4420-B2B6-72C4B9F48907}.Release|Any CPU.ActiveCfg = Release|Any CPU
		{59BC7605-809F-4420-B2B6-72C4B9F48907}.Release|Any CPU.Build.0 = Release|Any CPU
		{10961EA4-B3B6-455C-8347-88990A4A8FEE}.Debug|Any CPU.ActiveCfg = Debug|Any CPU
		{10961EA4-B3B6-455C-8347-88990A4A8FEE}.Debug|Any CPU.Build.0 = Debug|Any CPU
		{10961EA4-B3B6-455C-8347-88990A4A8FEE}.Release|Any CPU.ActiveCfg = Release|Any CPU
		{10961EA4-B3B6-455C-8347-88990A4A8FEE}.Release|Any CPU.Build.0 = Release|Any CPU
	EndGlobalSection
	GlobalSection(SolutionProperties) = preSolution
		HideSolutionNode = FALSE
	EndGlobalSection
EndGlobal
